
Microsoft Visual Studio Solution File, Format Version 12.00
# Visual Studio Version 16
VisualStudioVersion = 16.0.32106.194
MinimumVisualStudioVersion = 10.0.40219.1
Project("{FAE04EC0-301F-11D3-BF4B-00C04F79EFBC}") = "AuthTask", "AuthTask.csproj", "{EC14483F-94A1-4BDD-999B-AC410F336728}"
EndProject
Global
	GlobalSection(SolutionConfigurationPlatforms) = preSolution
		Debug|Any CPU = Debug|Any CPU
		Release|Any CPU = Release|Any CPU
	EndGlobalSection
	GlobalSection(ProjectConfigurationPlatforms) = postSolution
		{EC14483F-94A1-4BDD-999B-AC410F336728}.Debug|Any CPU.ActiveCfg = Debug|Any CPU
		{EC14483F-94A1-4BDD-999B-AC410F336728}.Debug|Any CPU.Build.0 = Debug|Any CPU
		{EC14483F-94A1-4BDD-999B-AC410F336728}.Release|Any CPU.ActiveCfg = Release|Any CPU
		{EC14483F-94A1-4BDD-999B-AC410F336728}.Release|Any CPU.Build.0 = Release|Any CPU
	EndGlobalSection
	GlobalSection(SolutionProperties) = preSolution
		HideSolutionNode = FALSE
	EndGlobalSection
	GlobalSection(ExtensibilityGlobals) = postSolution
		SolutionGuid = {3463565E-F21A-41D3-89C9-223EA133C36E}
	EndGlobalSection
EndGlobal
